// !$*UTF8*$!
{
	archiveVersion = 1;
	classes = {
	};
	objectVersion = 46;
	objects = {

/* Begin PBXBuildFile section */
		BFF8D2F91DA6716C00C171E3 /* AppDelegate.swift in Sources */ = {isa = PBXBuildFile; fileRef = BFF8D2F81DA6716C00C171E3 /* AppDelegate.swift */; };
		BFF8D2FB1DA6716C00C171E3 /* ViewController.swift in Sources */ = {isa = PBXBuildFile; fileRef = BFF8D2FA1DA6716C00C171E3 /* ViewController.swift */; };
		BFF8D2FE1DA6716C00C171E3 /* Main.storyboard in Resources */ = {isa = PBXBuildFile; fileRef = BFF8D2FC1DA6716C00C171E3 /* Main.storyboard */; };
		BFF8D3001DA6716C00C171E3 /* Assets.xcassets in Resources */ = {isa = PBXBuildFile; fileRef = BFF8D2FF1DA6716C00C171E3 /* Assets.xcassets */; };
		BFF8D3031DA6716C00C171E3 /* LaunchScreen.storyboard in Resources */ = {isa = PBXBuildFile; fileRef = BFF8D3011DA6716C00C171E3 /* LaunchScreen.storyboard */; };
/* End PBXBuildFile section */

/* Begin PBXFileReference section */
		BFF8D2F51DA6716C00C171E3 /* SwiftTableViewApp.app */ = {isa = PBXFileReference; explicitFileType = wrapper.application; includeInIndex = 0; path = SwiftTableViewApp.app; sourceTree = BUILT_PRODUCTS_DIR; };
		BFF8D2F81DA6716C00C171E3 /* AppDelegate.swift */ = {isa = PBXFileReference; lastKnownFileType = sourcecode.swift; path = AppDelegate.swift; sourceTree = "<group>"; };
		BFF8D2FA1DA6716C00C171E3 /* ViewController.swift */ = {isa = PBXFileReference; lastKnownFileType = sourcecode.swift; path = ViewController.swift; sourceTree = "<group>"; };
		BFF8D2FD1DA6716C00C171E3 /* Base */ = {isa = PBXFileReference; lastKnownFileType = file.storyboard; name = Base; path = Base.lproj/Main.storyboard; sourceTree = "<group>"; };
		BFF8D2FF1DA6716C00C171E3 /* Assets.xcassets */ = {isa = PBXFileReference; lastKnownFileType = folder.assetcatalog; path = Assets.xcassets; sourceTree = "<group>"; };
		BFF8D3021DA6716C00C171E3 /* Base */ = {isa = PBXFileReference; lastKnownFileType = file.storyboard; name = Base; path = Base.lproj/LaunchScreen.storyboard; sourceTree = "<group>"; };
		BFF8D3041DA6716C00C171E3 /* Info.plist */ = {isa = PBXFileReference; lastKnownFileType = text.plist.xml; path = Info.plist; sourceTree = "<group>"; };
/* End PBXFileReference section */

/* Begin PBXFrameworksBuildPhase section */
		BFF8D2F21DA6716C00C171E3 /* Frameworks */ = {
			isa = PBXFrameworksBuildPhase;
			buildActionMask = 2147483647;
			files = (
			);
			runOnlyForDeploymentPostprocessing = 0;
		};
/* End PBXFrameworksBuildPhase section */

/* Begin PBXGroup section */
		BFF8D2EC1DA6716C00C171E3 = {
			isa = PBXGroup;
			children = (
				BFF8D2F71DA6716C00C171E3 /* SwiftTableViewApp */,
				BFF8D2F61DA6716C00C171E3 /* Products */,
			);
			sourceTree = "<group>";
		};
		BFF8D2F61DA6716C00C171E3 /* Products */ = {
			isa = PBXGroup;
			children = (
				BFF8D2F51DA6716C00C171E3 /* SwiftTableViewApp.app */,
			);
			name = Products;
			sourceTree = "<group>";
		};
		BFF8D2F71DA6716C00C171E3 /* SwiftTableViewApp */ = {
			isa = PBXGroup;
			children = (
				BFF8D2F81DA6716C00C171E3 /* AppDelegate.swift */,
				BFF8D2FA1DA6716C00C171E3 /* ViewController.swift */,
				BFF8D2FC1DA6716C00C171E3 /* Main.storyboard */,
				BFF8D2FF1DA6716C00C171E3 /* Assets.xcassets */,
				BFF8D3011DA6716C00C171E3 /* LaunchScreen.storyboard */,
				BFF8D3041DA6716C00C171E3 /* Info.plist */,
			);
			path = SwiftTableViewApp;
			sourceTree = "<group>";
		};
/* End PBXGroup section */

/* Begin PBXNativeTarget section */
		BFF8D2F41DA6716C00C171E3 /* SwiftTableViewApp */ = {
			isa = PBXNativeTarget;
			buildConfigurationList = BFF8D3071DA6716C00C171E3 /* Build configuration list for PBXNativeTarget "SwiftTableViewApp" */;
			buildPhases = (
				BFF8D2F11DA6716C00C171E3 /* Sources */,
				BFF8D2F21DA6716C00C171E3 /* Frameworks */,
				BFF8D2F31DA6716C00C171E3 /* Resources */,
			);
			buildRules = (
			);
			dependencies = (
			);
			name = SwiftTableViewApp;
			productName = SwiftTableViewApp;
			productReference = BFF8D2F51DA6716C00C171E3 /* SwiftTableViewApp.app */;
			productType = "com.apple.product-type.application";
		};
/* End PBXNativeTarget section */

/* Begin PBXProject section */
		BFF8D2ED1DA6716C00C171E3 /* Project object */ = {
			isa = PBXProject;
			attributes = {
				LastSwiftUpdateCheck = 0800;
				LastUpgradeCheck = 0800;
				ORGANIZATIONNAME = BHSRam5;
				TargetAttributes = {
					BFF8D2F41DA6716C00C171E3 = {
						CreatedOnToolsVersion = 8.0;
						ProvisioningStyle = Automatic;
					};
				};
			};
			buildConfigurationList = BFF8D2F01DA6716C00C171E3 /* Build configuration list for PBXProject "SwiftTableViewApp" */;
			compatibilityVersion = "Xcode 3.2";
			developmentRegion = English;
			hasScannedForEncodings = 0;
			knownRegions = (
				en,
				Base,
			);
			mainGroup = BFF8D2EC1DA6716C00C171E3;
			productRefGroup = BFF8D2F61DA6716C00C171E3 /* Products */;
			projectDirPath = "";
			projectRoot = "";
			targets = (
				BFF8D2F41DA6716C00C171E3 /* SwiftTableViewApp */,
			);
		};
/* End PBXProject section */

/* Begin PBXResourcesBuildPhase section */
		BFF8D2F31DA6716C00C171E3 /* Resources */ = {
			isa = PBXResourcesBuildPhase;
			buildActionMask = 2147483647;
			files = (
				BFF8D3031DA6716C00C171E3 /* LaunchScreen.storyboard in Resources */,
				BFF8D3001DA6716C00C171E3 /* Assets.xcassets in Resources */,
				BFF8D2FE1DA6716C00C171E3 /* Main.storyboard in Resources */,
			);
			runOnlyForDeploymentPostprocessing = 0;
		};
/* End PBXResourcesBuildPhase section */

/* Begin PBXSourcesBuildPhase section */
		BFF8D2F11DA6716C00C171E3 /* Sources */ = {
			isa = PBXSourcesBuildPhase;
			buildActionMask = 2147483647;
			files = (
				BFF8D2FB1DA6716C00C171E3 /* ViewController.swift in Sources */,
				BFF8D2F91DA6716C00C171E3 /* AppDelegate.swift in Sources */,
			);
			runOnlyForDeploymentPostprocessing = 0;
		};
/* End PBXSourcesBuildPhase section */

/* Begin PBXVariantGroup section */
		BFF8D2FC1DA6716C00C171E3 /* Main.storyboard */ = {
			isa = PBXVariantGroup;
			children = (
				BFF8D2FD1DA6716C00C171E3 /* Base */,
			);
			name = Main.storyboard;
			sourceTree = "<group>";
		};
		BFF8D3011DA6716C00C171E3 /* LaunchScreen.storyboard */ = {
			isa = PBXVariantGroup;
			children = (
				BFF8D3021DA6716C00C171E3 /* Base */,
			);
			name = LaunchScreen.storyboard;
			sourceTree = "<group>";
		};
/* End PBXVariantGroup section */

/* Begin XCBuildConfiguration section */
		BFF8D3051DA6716C00C171E3 /* Debug */ = {
			isa = XCBuildConfiguration;
			buildSettings = {
				ALWAYS_SEARCH_USER_PATHS = NO;
				CLANG_ANALYZER_NONNULL = YES;
				CLANG_CXX_LANGUAGE_STANDARD = "gnu++0x";
				CLANG_CXX_LIBRARY = "libc++";
				CLANG_ENABLE_MODULES = YES;
				CLANG_ENABLE_OBJC_ARC = YES;
				CLANG_WARN_BOOL_CONVERSION = YES;
				CLANG_WARN_CONSTANT_CONVERSION = YES;
				CLANG_WARN_DIRECT_OBJC_ISA_USAGE = YES_ERROR;
				CLANG_WARN_DOCUMENTATION_COMMENTS = YES;
				CLANG_WARN_EMPTY_BODY = YES;
				CLANG_WARN_ENUM_CONVERSION = YES;
				CLANG_WARN_INFINITE_RECURSION = YES;
				CLANG_WARN_INT_CONVERSION = YES;
				CLANG_WARN_OBJC_ROOT_CLASS = YES_ERROR;
				CLANG_WARN_SUSPICIOUS_MOVES = YES;
				CLANG_WARN_UNREACHABLE_CODE = YES;
				CLANG_WARN__DUPLICATE_METHOD_MATCH = YES;
				"CODE_SIGN_IDENTITY[sdk=iphoneos*]" = "iPhone Developer";
				COPY_PHASE_STRIP = NO;
				DEBUG_INFORMATION_FORMAT = dwarf;
				ENABLE_STRICT_OBJC_MSGSEND = YES;
				ENABLE_TESTABILITY = YES;
				GCC_C_LANGUAGE_STANDARD = gnu99;
				GCC_DYNAMIC_NO_PIC = NO;
				GCC_NO_COMMON_BLOCKS = YES;
				GCC_OPTIMIZATION_LEVEL = 0;
				GCC_PREPROCESSOR_DEFINITIONS = (
					"DEBUG=1",
					"$(inherited)",
				);
				GCC_WARN_64_TO_32_BIT_CONVERSION = YES;
				GCC_WARN_ABOUT_RETURN_TYPE = YES_ERROR;
				GCC_WARN_UNDECLARED_SELECTOR = YES;
				GCC_WARN_UNINITIALIZED_AUTOS = YES_AGGRESSIVE;
				GCC_WARN_UNUSED_FUNCTION = YES;
				GCC_WARN_UNUSED_VARIABLE = YES;
				IPHONEOS_DEPLOYMENT_TARGET = 10.0;
				MTL_ENABLE_DEBUG_INFO = YES;
				ONLY_ACTIVE_ARCH = YES;
				SDKROOT = iphoneos;
				SWIFT_ACTIVE_COMPILATION_CONDITIONS = DEBUG;
				SWIFT_OPTIMIZATION_LEVEL = "-Onone";
				TARGETED_DEVICE_FAMILY = "1,2";
			};
			name = Debug;
		};
		BFF8D3061DA6716C00C171E3 /* Release */ = {
			isa = XCBuildConfiguration;
			buildSettings = {
				ALWAYS_SEARCH_USER_PATHS = NO;
				CLANG_ANALYZER_NONNULL = YES;
				CLANG_CXX_LANGUAGE_STANDARD = "gnu++0x";
				CLANG_CXX_LIBRARY = "libc++";
				CLANG_ENABLE_MODULES = YES;
				CLANG_ENABLE_OBJC_ARC = YES;
				CLANG_WARN_BOOL_CONVERSION = YES;
				CLANG_WARN_CONSTANT_CONVERSION = YES;
				CLANG_WARN_DIRECT_OBJC_ISA_USAGE = YES_ERROR;
				CLANG_WARN_DOCUMENTATION_COMMENTS = YES;
				CLANG_WARN_EMPTY_BODY = YES;
				CLANG_WARN_ENUM_CONVERSION = YES;
				CLANG_WARN_INFINITE_RECURSION = YES;
				CLANG_WARN_INT_CONVERSION = YES;
				CLANG_WARN_OBJC_ROOT_CLASS = YES_ERROR;
				CLANG_WARN_SUSPICIOUS_MOVES = YES;
				CLANG_WARN_UNREACHABLE_CODE = YES;
				CLANG_WARN__DUPLICATE_METHOD_MATCH = YES;
				"CODE_SIGN_IDENTITY[sdk=iphoneos*]" = "iPhone Developer";
				COPY_PHASE_STRIP = NO;
				DEBUG_INFORMATION_FORMAT = "dwarf-with-dsym";
				ENABLE_NS_ASSERTIONS = NO;
				ENABLE_STRICT_OBJC_MSGSEND = YES;
				GCC_C_LANGUAGE_STANDARD = gnu99;
				GCC_NO_COMMON_BLOCKS = YES;
				GCC_WARN_64_TO_32_BIT_CONVERSION = YES;
				GCC_WARN_ABOUT_RETURN_TYPE = YES_ERROR;
				GCC_WARN_UNDECLARED_SELECTOR = YES;
				GCC_WARN_UNINITIALIZED_AUTOS = YES_AGGRESSIVE;
				GCC_WARN_UNUSED_FUNCTION = YES;
				GCC_WARN_UNUSED_VARIABLE = YES;
				IPHONEOS_DEPLOYMENT_TARGET = 10.0;
				MTL_ENABLE_DEBUG_INFO = NO;
				SDKROOT = iphoneos;
				SWIFT_OPTIMIZATION_LEVEL = "-Owholemodule";
				TARGETED_DEVICE_FAMILY = "1,2";
				VALIDATE_PRODUCT = YES;
			};
			name = Release;
		};
		BFF8D3081DA6716C00C171E3 /* Debug */ = {
			isa = XCBuildConfiguration;
			buildSettings = {
				ASSETCATALOG_COMPILER_APPICON_NAME = AppIcon;
				INFOPLIST_FILE = SwiftTableViewApp/Info.plist;
				LD_RUNPATH_SEARCH_PATHS = "$(inherited) @executable_path/Frameworks";
				PRODUCT_BUNDLE_IDENTIFIER = badin.SwiftTableViewApp;
				PRODUCT_NAME = "$(TARGET_NAME)";
				SWIFT_VERSION = 3.0;
			};
			name = Debug;
		};
		BFF8D3091DA6716C00C171E3 /* Release */ = {
			isa = XCBuildConfiguration;
			buildSettings = {
				ASSETCATALOG_COMPILER_APPICON_NAME = AppIcon;
				INFOPLIST_FILE = SwiftTableViewApp/Info.plist;
				LD_RUNPATH_SEARCH_PATHS = "$(inherited) @executable_path/Frameworks";
				PRODUCT_BUNDLE_IDENTIFIER = badin.SwiftTableViewApp;
				PRODUCT_NAME = "$(TARGET_NAME)";
				SWIFT_VERSION = 3.0;
			};
			name = Release;
		};
/* End XCBuildConfiguration section */

/* Begin XCConfigurationList section */
		BFF8D2F01DA6716C00C171E3 /* Build configuration list for PBXProject "SwiftTableViewApp" */ = {
			isa = XCConfigurationList;
			buildConfigurations = (
				BFF8D3051DA6716C00C171E3 /* Debug */,
				BFF8D3061DA6716C00C171E3 /* Release */,
			);
			defaultConfigurationIsVisible = 0;
			defaultConfigurationName = Release;
		};
		BFF8D3071DA6716C00C171E3 /* Build configuration list for PBXNativeTarget "SwiftTableViewApp" */ = {
			isa = XCConfigurationList;
			buildConfigurations = (
				BFF8D3081DA6716C00C171E3 /* Debug */,
				BFF8D3091DA6716C00C171E3 /* Release */,
			);
			defaultConfigurationIsVisible = 0;
		};
/* End XCConfigurationList section */
	};
	rootObject = BFF8D2ED1DA6716C00C171E3 /* Project object */;
}
